<?xml version="1.0" encoding="utf-8"?>
<Project ToolsVersion="4.0" xmlns="http://schemas.microsoft.com/developer/msbuild/2003">
  <ItemGroup>
    <Filter Include="源文件">
      <UniqueIdentifier>{4FC737F1-C7A5-4376-A066-2A32D752A2FF}</UniqueIdentifier>
      <Extensions>cpp;c;cc;cxx;def;odl;idl;hpj;bat;asm;asmx</Extensions>
    </Filter>
    <Filter Include="头文件">
      <UniqueIdentifier>{93995380-89BD-4b04-88EB-625FBE52EBFB}</UniqueIdentifier>
      <Extensions>h;hpp;hxx;hm;inl;inc;xsd</Extensions>
    </Filter>
    <Filter Include="资源文件">
      <UniqueIdentifier>{67DA6AB6-F800-4c08-8B7A-83BB121AAD01}</UniqueIdentifier>
      <Extensions>rc;ico;cur;bmp;dlg;rc2;rct;bin;rgs;gif;jpg;jpeg;jpe;resx;tiff;tif;png;wav;mfcribbon-ms</Extensions>
    </Filter>
    <Filter Include="Core">
      <UniqueIdentifier>{0b545137-e409-4d3a-9750-bef057b93e4b}</UniqueIdentifier>
    </Filter>
    <Filter Include="GameLogic">
      <UniqueIdentifier>{2af3d57f-93a9-4c38-b1be-69dd704d068d}</UniqueIdentifier>
    </Filter>
  </ItemGroup>
  <ItemGroup>
    <ClCompile Include="stdafx.cpp">
      <Filter>源文件</Filter>
    </ClCompile>
    <ClCompile Include="dllmain.cpp">
      <Filter>源文件</Filter>
    </ClCompile>
    <ClCompile Include="Core\WindowsHook.cpp">
      <Filter>Core</Filter>
    </ClCompile>
    <ClCompile Include="Core\ProcessHelper.cpp">
      <Filter>Core</Filter>
    </ClCompile>
    <ClCompile Include="Core\InjectDll.cpp">
      <Filter>Core</Filter>
    </ClCompile>
    <ClCompile Include="Core\IniReader.cpp">
      <Filter>Core</Filter>
    </ClCompile>
    <ClCompile Include="Core\GameUtility.cpp">
      <Filter>Core</Filter>
    </ClCompile>
    <ClCompile Include="GameLogic\ConfigFile.cpp">
      <Filter>GameLogic</Filter>
    </ClCompile>
    <ClCompile Include="GameLogic\DlgMain.cpp">
      <Filter>GameLogic</Filter>
    </ClCompile>
    <ClCompile Include="GameLogic\GamePlayer.cpp">
      <Filter>GameLogic</Filter>
    </ClCompile>
    <ClCompile Include="GameLogic\WinHook.cpp">
      <Filter>GameLogic</Filter>
    </ClCompile>
    <ClCompile Include="Core\FileMap.cpp">
      <Filter>Core</Filter>
    </ClCompile>
    <ClCompile Include="Core\ModuleHide.cpp">
      <Filter>Core</Filter>
    </ClCompile>
    <ClCompile Include="NamedPipe.cpp">
      <Filter>源文件</Filter>
    </ClCompile>
    <ClCompile Include="Core\AnonymousPipeServer.cpp">
      <Filter>Core</Filter>
    </ClCompile>
    <ClCompile Include="Core\AnonymousPipeClient.cpp">
      <Filter>Core</Filter>
    </ClCompile>
  </ItemGroup>
  <ItemGroup>
    <ResourceCompile Include="GameHack.rc">
      <Filter>资源文件</Filter>
    </ResourceCompile>
  </ItemGroup>
  <ItemGroup>
    <ClInclude Include="resource.h">
      <Filter>头文件</Filter>
    </ClInclude>
    <ClInclude Include="stdafx.h">
      <Filter>头文件</Filter>
    </ClInclude>
    <ClInclude Include="targetver.h">
      <Filter>头文件</Filter>
    </ClInclude>
    <ClInclude Include="Core\WindowsHook.h">
      <Filter>Core</Filter>
    </ClInclude>
    <ClInclude Include="Core\ProcessHelper.h">
      <Filter>Core</Filter>
    </ClInclude>
    <ClInclude Include="Core\InjectDll.h">
      <Filter>Core</Filter>
    </ClInclude>
    <ClInclude Include="Core\IniReader.h">
      <Filter>Core</Filter>
    </ClInclude>
    <ClInclude Include="Core\GameUtility.h">
      <Filter>Core</Filter>
    </ClInclude>
    <ClInclude Include="GameLogic\ConfigFile.h">
      <Filter>GameLogic</Filter>
    </ClInclude>
    <ClInclude Include="GameLogic\DlgMain.h">
      <Filter>GameLogic</Filter>
    </ClInclude>
    <ClInclude Include="GameLogic\GamePlayer.h">
      <Filter>GameLogic</Filter>
    </ClInclude>
    <ClInclude Include="GameLogic\WinHook.h">
      <Filter>GameLogic</Filter>
    </ClInclude>
    <ClInclude Include="Core\FileMap.h">
      <Filter>Core</Filter>
    </ClInclude>
    <ClInclude Include="Core\ModuleHide.h">
      <Filter>Core</Filter>
    </ClInclude>
    <ClInclude Include="NamedPipe.h">
      <Filter>头文件</Filter>
    </ClInclude>
    <ClInclude Include="Core\IAnonymousPipe.h">
      <Filter>Core</Filter>
    </ClInclude>
    <ClInclude Include="Core\AnonymousPipeServer.h">
      <Filter>Core</Filter>
    </ClInclude>
    <ClInclude Include="Core\AnonymousPipeClient.h">
      <Filter>Core</Filter>
    </ClInclude>
  </ItemGroup>
  <ItemGroup>
    <CustomBuild Include="Core\AsmUtitly.asm">
      <Filter>Core</Filter>
    </CustomBuild>
  </ItemGroup>
</Project>