
Microsoft Visual Studio Solution File, Format Version 12.00
# Visual Studio 2012
Project("{8BC9CEB8-8B4A-11D0-8D11-00A0C91BC942}") = "GameHack", "GameHack.vcxproj", "{B058E904-71D0-4A3C-A81B-ACB2FB03E529}"
EndProject
Project("{8BC9CEB8-8B4A-11D0-8D11-00A0C91BC942}") = "GameHackDemo", "..\GameHackDemo\GameHackDemo.vcxproj", "{A758BF5F-2B5B-4B7D-B39B-FCC850A1B052}"
	ProjectSection(ProjectDependencies) = postProject
		{B058E904-71D0-4A3C-A81B-ACB2FB03E529} = {B058E904-71D0-4A3C-A81B-ACB2FB03E529}
	EndProjectSection
EndProject
Global
	GlobalSection(SolutionConfigurationPlatforms) = preSolution
		Debug|Win32 = Debug|Win32
		Release|Win32 = Release|Win32
	EndGlobalSection
	GlobalSection(ProjectConfigurationPlatforms) = postSolution
		{B058E904-71D0-4A3C-A81B-ACB2FB03E529}.Debug|Win32.ActiveCfg = Debug|Win32
		{B058E904-71D0-4A3C-A81B-ACB2FB03E529}.Debug|Win32.Build.0 = Debug|Win32
		{B058E904-71D0-4A3C-A81B-ACB2FB03E529}.Release|Win32.ActiveCfg = Release|Win32
		{B058E904-71D0-4A3C-A81B-ACB2FB03E529}.Release|Win32.Build.0 = Release|Win32
		{A758BF5F-2B5B-4B7D-B39B-FCC850A1B052}.Debug|Win32.ActiveCfg = Debug|Win32
		{A758BF5F-2B5B-4B7D-B39B-FCC850A1B052}.Debug|Win32.Build.0 = Debug|Win32
		{A758BF5F-2B5B-4B7D-B39B-FCC850A1B052}.Release|Win32.ActiveCfg = Release|Win32
		{A758BF5F-2B5B-4B7D-B39B-FCC850A1B052}.Release|Win32.Build.0 = Release|Win32
	EndGlobalSection
	GlobalSection(SolutionProperties) = preSolution
		HideSolutionNode = FALSE
	EndGlobalSection
EndGlobal
